
Microsoft Visual Studio Solution File, Format Version 12.00
# Visual Studio Version 16
VisualStudioVersion = 16.0.31624.102
MinimumVisualStudioVersion = 10.0.40219.1
Project("{FAE04EC0-301F-11D3-BF4B-00C04F79EFBC}") = "Baitap4", "Baitap4\Baitap4.csproj", "{170948E5-7D77-45A7-920D-396A7063B68E}"
EndProject
Global
	GlobalSection(SolutionConfigurationPlatforms) = preSolution
		Debug|Any CPU = Debug|Any CPU
		Release|Any CPU = Release|Any CPU
	EndGlobalSection
	GlobalSection(ProjectConfigurationPlatforms) = postSolution
		{170948E5-7D77-45A7-920D-396A7063B68E}.Debug|Any CPU.ActiveCfg = Debug|Any CPU
		{170948E5-7D77-45A7-920D-396A7063B68E}.Debug|Any CPU.Build.0 = Debug|Any CPU
		{170948E5-7D77-45A7-920D-396A7063B68E}.Release|Any CPU.ActiveCfg = Release|Any CPU
		{170948E5-7D77-45A7-920D-396A7063B68E}.Release|Any CPU.Build.0 = Release|Any CPU
	EndGlobalSection
	GlobalSection(SolutionProperties) = preSolution
		HideSolutionNode = FALSE
	EndGlobalSection
	GlobalSection(ExtensibilityGlobals) = postSolution
		SolutionGuid = {A391F907-7C9E-4338-8620-2BE02A701D45}
	EndGlobalSection
EndGlobal
